// !$*UTF8*$!
{
	archiveVersion = 1;
	classes = {
	};
	objectVersion = 50;
	objects = {

/* Begin PBXBuildFile section */
		1694347522D8DA3F004A9789 /* AppDelegate.swift in Sources */ = {isa = PBXBuildFile; fileRef = 1694347422D8DA3F004A9789 /* AppDelegate.swift */; };
		1694347A22D8DA3F004A9789 /* Main.storyboard in Resources */ = {isa = PBXBuildFile; fileRef = 1694347822D8DA3F004A9789 /* Main.storyboard */; };
		1694347C22D8DA40004A9789 /* Assets.xcassets in Resources */ = {isa = PBXBuildFile; fileRef = 1694347B22D8DA40004A9789 /* Assets.xcassets */; };
		1694347F22D8DA40004A9789 /* LaunchScreen.storyboard in Resources */ = {isa = PBXBuildFile; fileRef = 1694347D22D8DA40004A9789 /* LaunchScreen.storyboard */; };
		1694348822D8DC5E004A9789 /* Contact.swift in Sources */ = {isa = PBXBuildFile; fileRef = 1694348722D8DC5E004A9789 /* Contact.swift */; };
		1694348A22D8DC66004A9789 /* ContactController.swift in Sources */ = {isa = PBXBuildFile; fileRef = 1694348922D8DC66004A9789 /* ContactController.swift */; };
		1694348E22D8E367004A9789 /* CloudKit.framework in Frameworks */ = {isa = PBXBuildFile; fileRef = 1694348D22D8E367004A9789 /* CloudKit.framework */; };
		1694349222D8E7A1004A9789 /* ContactDetailViewController.swift in Sources */ = {isa = PBXBuildFile; fileRef = 1694349122D8E7A1004A9789 /* ContactDetailViewController.swift */; };
		1694349422D8E7AD004A9789 /* ContactListTableViewController.swift in Sources */ = {isa = PBXBuildFile; fileRef = 1694349322D8E7AD004A9789 /* ContactListTableViewController.swift */; };
/* End PBXBuildFile section */

/* Begin PBXFileReference section */
		1694347122D8DA3F004A9789 /* asessment_5.app */ = {isa = PBXFileReference; explicitFileType = wrapper.application; includeInIndex = 0; path = asessment_5.app; sourceTree = BUILT_PRODUCTS_DIR; };
		1694347422D8DA3F004A9789 /* AppDelegate.swift */ = {isa = PBXFileReference; lastKnownFileType = sourcecode.swift; path = AppDelegate.swift; sourceTree = "<group>"; };
		1694347922D8DA3F004A9789 /* Base */ = {isa = PBXFileReference; lastKnownFileType = file.storyboard; name = Base; path = Base.lproj/Main.storyboard; sourceTree = "<group>"; };
		1694347B22D8DA40004A9789 /* Assets.xcassets */ = {isa = PBXFileReference; lastKnownFileType = folder.assetcatalog; path = Assets.xcassets; sourceTree = "<group>"; };
		1694347E22D8DA40004A9789 /* Base */ = {isa = PBXFileReference; lastKnownFileType = file.storyboard; name = Base; path = Base.lproj/LaunchScreen.storyboard; sourceTree = "<group>"; };
		1694348022D8DA40004A9789 /* Info.plist */ = {isa = PBXFileReference; lastKnownFileType = text.plist.xml; path = Info.plist; sourceTree = "<group>"; };
		1694348722D8DC5E004A9789 /* Contact.swift */ = {isa = PBXFileReference; lastKnownFileType = sourcecode.swift; path = Contact.swift; sourceTree = "<group>"; };
		1694348922D8DC66004A9789 /* ContactController.swift */ = {isa = PBXFileReference; lastKnownFileType = sourcecode.swift; path = ContactController.swift; sourceTree = "<group>"; };
		1694348B22D8E365004A9789 /* asessment_5.entitlements */ = {isa = PBXFileReference; lastKnownFileType = text.plist.entitlements; path = asessment_5.entitlements; sourceTree = "<group>"; };
		1694348D22D8E367004A9789 /* CloudKit.framework */ = {isa = PBXFileReference; lastKnownFileType = wrapper.framework; name = CloudKit.framework; path = System/Library/Frameworks/CloudKit.framework; sourceTree = SDKROOT; };
		1694349122D8E7A1004A9789 /* ContactDetailViewController.swift */ = {isa = PBXFileReference; lastKnownFileType = sourcecode.swift; path = ContactDetailViewController.swift; sourceTree = "<group>"; };
		1694349322D8E7AD004A9789 /* ContactListTableViewController.swift */ = {isa = PBXFileReference; lastKnownFileType = sourcecode.swift; path = ContactListTableViewController.swift; sourceTree = "<group>"; };
/* End PBXFileReference section */

/* Begin PBXFrameworksBuildPhase section */
		1694346E22D8DA3F004A9789 /* Frameworks */ = {
			isa = PBXFrameworksBuildPhase;
			buildActionMask = 2147483647;
			files = (
				1694348E22D8E367004A9789 /* CloudKit.framework in Frameworks */,
			);
			runOnlyForDeploymentPostprocessing = 0;
		};
/* End PBXFrameworksBuildPhase section */

/* Begin PBXGroup section */
		1694346822D8DA3F004A9789 = {
			isa = PBXGroup;
			children = (
				1694347322D8DA3F004A9789 /* asessment_5 */,
				1694347222D8DA3F004A9789 /* Products */,
				1694348622D8DAEB004A9789 /* Resources */,
				1694348C22D8E367004A9789 /* Frameworks */,
			);
			sourceTree = "<group>";
		};
		1694347222D8DA3F004A9789 /* Products */ = {
			isa = PBXGroup;
			children = (
				1694347122D8DA3F004A9789 /* asessment_5.app */,
			);
			name = Products;
			sourceTree = "<group>";
		};
		1694347322D8DA3F004A9789 /* asessment_5 */ = {
			isa = PBXGroup;
			children = (
				1694348B22D8E365004A9789 /* asessment_5.entitlements */,
				1694347822D8DA3F004A9789 /* Main.storyboard */,
				1694348F22D8E42C004A9789 /* Model */,
				1694349022D8E431004A9789 /* Controllers */,
			);
			path = asessment_5;
			sourceTree = "<group>";
		};
		1694348622D8DAEB004A9789 /* Resources */ = {
			isa = PBXGroup;
			children = (
				1694347422D8DA3F004A9789 /* AppDelegate.swift */,
				1694347B22D8DA40004A9789 /* Assets.xcassets */,
				1694347D22D8DA40004A9789 /* LaunchScreen.storyboard */,
				1694348022D8DA40004A9789 /* Info.plist */,
			);
			path = Resources;
			sourceTree = "<group>";
		};
		1694348C22D8E367004A9789 /* Frameworks */ = {
			isa = PBXGroup;
			children = (
				1694348D22D8E367004A9789 /* CloudKit.framework */,
			);
			name = Frameworks;
			sourceTree = "<group>";
		};
		1694348F22D8E42C004A9789 /* Model */ = {
			isa = PBXGroup;
			children = (
				1694348722D8DC5E004A9789 /* Contact.swift */,
			);
			path = Model;
			sourceTree = "<group>";
		};
		1694349022D8E431004A9789 /* Controllers */ = {
			isa = PBXGroup;
			children = (
				1694348922D8DC66004A9789 /* ContactController.swift */,
				1694349522D8E7B8004A9789 /* View Controllers */,
			);
			path = Controllers;
			sourceTree = "<group>";
		};
		1694349522D8E7B8004A9789 /* View Controllers */ = {
			isa = PBXGroup;
			children = (
				1694349322D8E7AD004A9789 /* ContactListTableViewController.swift */,
				1694349122D8E7A1004A9789 /* ContactDetailViewController.swift */,
			);
			path = "View Controllers";
			sourceTree = "<group>";
		};
/* End PBXGroup section */

/* Begin PBXNativeTarget section */
		1694347022D8DA3F004A9789 /* asessment_5 */ = {
			isa = PBXNativeTarget;
			buildConfigurationList = 1694348322D8DA40004A9789 /* Build configuration list for PBXNativeTarget "asessment_5" */;
			buildPhases = (
				1694346D22D8DA3F004A9789 /* Sources */,
				1694346E22D8DA3F004A9789 /* Frameworks */,
				1694346F22D8DA3F004A9789 /* Resources */,
			);
			buildRules = (
			);
			dependencies = (
			);
			name = asessment_5;
			productName = asessment_5;
			productReference = 1694347122D8DA3F004A9789 /* asessment_5.app */;
			productType = "com.apple.product-type.application";
		};
/* End PBXNativeTarget section */

/* Begin PBXProject section */
		1694346922D8DA3F004A9789 /* Project object */ = {
			isa = PBXProject;
			attributes = {
				LastSwiftUpdateCheck = 1020;
				LastUpgradeCheck = 1020;
				ORGANIZATIONNAME = "Leah Cluff";
				TargetAttributes = {
					1694347022D8DA3F004A9789 = {
						CreatedOnToolsVersion = 10.2.1;
						SystemCapabilities = {
							com.apple.Push = {
								enabled = 1;
							};
							com.apple.iCloud = {
								enabled = 1;
							};
						};
					};
				};
			};
			buildConfigurationList = 1694346C22D8DA3F004A9789 /* Build configuration list for PBXProject "asessment_5" */;
			compatibilityVersion = "Xcode 9.3";
			developmentRegion = en;
			hasScannedForEncodings = 0;
			knownRegions = (
				en,
				Base,
			);
			mainGroup = 1694346822D8DA3F004A9789;
			productRefGroup = 1694347222D8DA3F004A9789 /* Products */;
			projectDirPath = "";
			projectRoot = "";
			targets = (
				1694347022D8DA3F004A9789 /* asessment_5 */,
			);
		};
/* End PBXProject section */

/* Begin PBXResourcesBuildPhase section */
		1694346F22D8DA3F004A9789 /* Resources */ = {
			isa = PBXResourcesBuildPhase;
			buildActionMask = 2147483647;
			files = (
				1694347F22D8DA40004A9789 /* LaunchScreen.storyboard in Resources */,
				1694347C22D8DA40004A9789 /* Assets.xcassets in Resources */,
				1694347A22D8DA3F004A9789 /* Main.storyboard in Resources */,
			);
			runOnlyForDeploymentPostprocessing = 0;
		};
/* End PBXResourcesBuildPhase section */

/* Begin PBXSourcesBuildPhase section */
		1694346D22D8DA3F004A9789 /* Sources */ = {
			isa = PBXSourcesBuildPhase;
			buildActionMask = 2147483647;
			files = (
				1694348822D8DC5E004A9789 /* Contact.swift in Sources */,
				1694348A22D8DC66004A9789 /* ContactController.swift in Sources */,
				1694349222D8E7A1004A9789 /* ContactDetailViewController.swift in Sources */,
				1694349422D8E7AD004A9789 /* ContactListTableViewController.swift in Sources */,
				1694347522D8DA3F004A9789 /* AppDelegate.swift in Sources */,
			);
			runOnlyForDeploymentPostprocessing = 0;
		};
/* End PBXSourcesBuildPhase section */

/* Begin PBXVariantGroup section */
		1694347822D8DA3F004A9789 /* Main.storyboard */ = {
			isa = PBXVariantGroup;
			children = (
				1694347922D8DA3F004A9789 /* Base */,
			);
			name = Main.storyboard;
			sourceTree = "<group>";
		};
		1694347D22D8DA40004A9789 /* LaunchScreen.storyboard */ = {
			isa = PBXVariantGroup;
			children = (
				1694347E22D8DA40004A9789 /* Base */,
			);
			name = LaunchScreen.storyboard;
			sourceTree = "<group>";
		};
/* End PBXVariantGroup section */

/* Begin XCBuildConfiguration section */
		1694348122D8DA40004A9789 /* Debug */ = {
			isa = XCBuildConfiguration;
			buildSettings = {
				ALWAYS_SEARCH_USER_PATHS = NO;
				CLANG_ANALYZER_NONNULL = YES;
				CLANG_ANALYZER_NUMBER_OBJECT_CONVERSION = YES_AGGRESSIVE;
				CLANG_CXX_LANGUAGE_STANDARD = "gnu++14";
				CLANG_CXX_LIBRARY = "libc++";
				CLANG_ENABLE_MODULES = YES;
				CLANG_ENABLE_OBJC_ARC = YES;
				CLANG_ENABLE_OBJC_WEAK = YES;
				CLANG_WARN_BLOCK_CAPTURE_AUTORELEASING = YES;
				CLANG_WARN_BOOL_CONVERSION = YES;
				CLANG_WARN_COMMA = YES;
				CLANG_WARN_CONSTANT_CONVERSION = YES;
				CLANG_WARN_DEPRECATED_OBJC_IMPLEMENTATIONS = YES;
				CLANG_WARN_DIRECT_OBJC_ISA_USAGE = YES_ERROR;
				CLANG_WARN_DOCUMENTATION_COMMENTS = YES;
				CLANG_WARN_EMPTY_BODY = YES;
				CLANG_WARN_ENUM_CONVERSION = YES;
				CLANG_WARN_INFINITE_RECURSION = YES;
				CLANG_WARN_INT_CONVERSION = YES;
				CLANG_WARN_NON_LITERAL_NULL_CONVERSION = YES;
				CLANG_WARN_OBJC_IMPLICIT_RETAIN_SELF = YES;
				CLANG_WARN_OBJC_LITERAL_CONVERSION = YES;
				CLANG_WARN_OBJC_ROOT_CLASS = YES_ERROR;
				CLANG_WARN_RANGE_LOOP_ANALYSIS = YES;
				CLANG_WARN_STRICT_PROTOTYPES = YES;
				CLANG_WARN_SUSPICIOUS_MOVE = YES;
				CLANG_WARN_UNGUARDED_AVAILABILITY = YES_AGGRESSIVE;
				CLANG_WARN_UNREACHABLE_CODE = YES;
				CLANG_WARN__DUPLICATE_METHOD_MATCH = YES;
				CODE_SIGN_IDENTITY = "iPhone Developer";
				COPY_PHASE_STRIP = NO;
				DEBUG_INFORMATION_FORMAT = dwarf;
				ENABLE_STRICT_OBJC_MSGSEND = YES;
				ENABLE_TESTABILITY = YES;
				GCC_C_LANGUAGE_STANDARD = gnu11;
				GCC_DYNAMIC_NO_PIC = NO;
				GCC_NO_COMMON_BLOCKS = YES;
				GCC_OPTIMIZATION_LEVEL = 0;
				GCC_PREPROCESSOR_DEFINITIONS = (
					"DEBUG=1",
					"$(inherited)",
				);
				GCC_WARN_64_TO_32_BIT_CONVERSION = YES;
				GCC_WARN_ABOUT_RETURN_TYPE = YES_ERROR;
				GCC_WARN_UNDECLARED_SELECTOR = YES;
				GCC_WARN_UNINITIALIZED_AUTOS = YES_AGGRESSIVE;
				GCC_WARN_UNUSED_FUNCTION = YES;
				GCC_WARN_UNUSED_VARIABLE = YES;
				IPHONEOS_DEPLOYMENT_TARGET = 12.2;
				MTL_ENABLE_DEBUG_INFO = INCLUDE_SOURCE;
				MTL_FAST_MATH = YES;
				ONLY_ACTIVE_ARCH = YES;
				SDKROOT = iphoneos;
				SWIFT_ACTIVE_COMPILATION_CONDITIONS = DEBUG;
				SWIFT_OPTIMIZATION_LEVEL = "-Onone";
			};
			name = Debug;
		};
		1694348222D8DA40004A9789 /* Release */ = {
			isa = XCBuildConfiguration;
			buildSettings = {
				ALWAYS_SEARCH_USER_PATHS = NO;
				CLANG_ANALYZER_NONNULL = YES;
				CLANG_ANALYZER_NUMBER_OBJECT_CONVERSION = YES_AGGRESSIVE;
				CLANG_CXX_LANGUAGE_STANDARD = "gnu++14";
				CLANG_CXX_LIBRARY = "libc++";
				CLANG_ENABLE_MODULES = YES;
				CLANG_ENABLE_OBJC_ARC = YES;
				CLANG_ENABLE_OBJC_WEAK = YES;
				CLANG_WARN_BLOCK_CAPTURE_AUTORELEASING = YES;
				CLANG_WARN_BOOL_CONVERSION = YES;
				CLANG_WARN_COMMA = YES;
				CLANG_WARN_CONSTANT_CONVERSION = YES;
				CLANG_WARN_DEPRECATED_OBJC_IMPLEMENTATIONS = YES;
				CLANG_WARN_DIRECT_OBJC_ISA_USAGE = YES_ERROR;
				CLANG_WARN_DOCUMENTATION_COMMENTS = YES;
				CLANG_WARN_EMPTY_BODY = YES;
				CLANG_WARN_ENUM_CONVERSION = YES;
				CLANG_WARN_INFINITE_RECURSION = YES;
				CLANG_WARN_INT_CONVERSION = YES;
				CLANG_WARN_NON_LITERAL_NULL_CONVERSION = YES;
				CLANG_WARN_OBJC_IMPLICIT_RETAIN_SELF = YES;
				CLANG_WARN_OBJC_LITERAL_CONVERSION = YES;
				CLANG_WARN_OBJC_ROOT_CLASS = YES_ERROR;
				CLANG_WARN_RANGE_LOOP_ANALYSIS = YES;
				CLANG_WARN_STRICT_PROTOTYPES = YES;
				CLANG_WARN_SUSPICIOUS_MOVE = YES;
				CLANG_WARN_UNGUARDED_AVAILABILITY = YES_AGGRESSIVE;
				CLANG_WARN_UNREACHABLE_CODE = YES;
				CLANG_WARN__DUPLICATE_METHOD_MATCH = YES;
				CODE_SIGN_IDENTITY = "iPhone Developer";
				COPY_PHASE_STRIP = NO;
				DEBUG_INFORMATION_FORMAT = "dwarf-with-dsym";
				ENABLE_NS_ASSERTIONS = NO;
				ENABLE_STRICT_OBJC_MSGSEND = YES;
				GCC_C_LANGUAGE_STANDARD = gnu11;
				GCC_NO_COMMON_BLOCKS = YES;
				GCC_WARN_64_TO_32_BIT_CONVERSION = YES;
				GCC_WARN_ABOUT_RETURN_TYPE = YES_ERROR;
				GCC_WARN_UNDECLARED_SELECTOR = YES;
				GCC_WARN_UNINITIALIZED_AUTOS = YES_AGGRESSIVE;
				GCC_WARN_UNUSED_FUNCTION = YES;
				GCC_WARN_UNUSED_VARIABLE = YES;
				IPHONEOS_DEPLOYMENT_TARGET = 12.2;
				MTL_ENABLE_DEBUG_INFO = NO;
				MTL_FAST_MATH = YES;
				SDKROOT = iphoneos;
				SWIFT_COMPILATION_MODE = wholemodule;
				SWIFT_OPTIMIZATION_LEVEL = "-O";
				VALIDATE_PRODUCT = YES;
			};
			name = Release;
		};
		1694348422D8DA40004A9789 /* Debug */ = {
			isa = XCBuildConfiguration;
			buildSettings = {
				ASSETCATALOG_COMPILER_APPICON_NAME = AppIcon;
				CODE_SIGN_ENTITLEMENTS = asessment_5/asessment_5.entitlements;
				CODE_SIGN_STYLE = Automatic;
				DEVELOPMENT_TEAM = C3BD4H8DKG;
				INFOPLIST_FILE = "$(SRCROOT)/Resources/Info.plist";
				LD_RUNPATH_SEARCH_PATHS = (
					"$(inherited)",
					"@executable_path/Frameworks",
				);
				PRODUCT_BUNDLE_IDENTIFIER = "Leah-Cluff.asessment-5";
				PRODUCT_NAME = "$(TARGET_NAME)";
				SWIFT_VERSION = 5.0;
				TARGETED_DEVICE_FAMILY = "1,2";
			};
			name = Debug;
		};
		1694348522D8DA40004A9789 /* Release */ = {
			isa = XCBuildConfiguration;
			buildSettings = {
				ASSETCATALOG_COMPILER_APPICON_NAME = AppIcon;
				CODE_SIGN_ENTITLEMENTS = asessment_5/asessment_5.entitlements;
				CODE_SIGN_STYLE = Automatic;
				DEVELOPMENT_TEAM = C3BD4H8DKG;
				INFOPLIST_FILE = "$(SRCROOT)/Resources/Info.plist";
				LD_RUNPATH_SEARCH_PATHS = (
					"$(inherited)",
					"@executable_path/Frameworks",
				);
				PRODUCT_BUNDLE_IDENTIFIER = "Leah-Cluff.asessment-5";
				PRODUCT_NAME = "$(TARGET_NAME)";
				SWIFT_VERSION = 5.0;
				TARGETED_DEVICE_FAMILY = "1,2";
			};
			name = Release;
		};
/* End XCBuildConfiguration section */

/* Begin XCConfigurationList section */
		1694346C22D8DA3F004A9789 /* Build configuration list for PBXProject "asessment_5" */ = {
			isa = XCConfigurationList;
			buildConfigurations = (
				1694348122D8DA40004A9789 /* Debug */,
				1694348222D8DA40004A9789 /* Release */,
			);
			defaultConfigurationIsVisible = 0;
			defaultConfigurationName = Release;
		};
		1694348322D8DA40004A9789 /* Build configuration list for PBXNativeTarget "asessment_5" */ = {
			isa = XCConfigurationList;
			buildConfigurations = (
				1694348422D8DA40004A9789 /* Debug */,
				1694348522D8DA40004A9789 /* Release */,
			);
			defaultConfigurationIsVisible = 0;
			defaultConfigurationName = Release;
		};
/* End XCConfigurationList section */
	};
	rootObject = 1694346922D8DA3F004A9789 /* Project object */;
}
